
Microsoft Visual Studio Solution File, Format Version 12.00
# Visual Studio 14
VisualStudioVersion = 14.0.25420.1
MinimumVisualStudioVersion = 10.0.40219.1
Project("{FAE04EC0-301F-11D3-BF4B-00C04F79EFBC}") = "Porject_NAQASH_IMS2020", "Porject_NAQASH_IMS2020\Porject_NAQASH_IMS2020.csproj", "{C5C2D1A1-B539-4492-808F-D14E8C4E96A5}"
EndProject
Project("{54435603-DBB4-11D2-8724-00A0C9A8B90C}") = "Setup1", "Setup1\Setup1.vdproj", "{28EBF29A-0224-44A9-BD11-52586A39BF42}"
EndProject
Global
	GlobalSection(SolutionConfigurationPlatforms) = preSolution
		Debug|Any CPU = Debug|Any CPU
		Release|Any CPU = Release|Any CPU
	EndGlobalSection
	GlobalSection(ProjectConfigurationPlatforms) = postSolution
		{C5C2D1A1-B539-4492-808F-D14E8C4E96A5}.Debug|Any CPU.ActiveCfg = Debug|Any CPU
		{C5C2D1A1-B539-4492-808F-D14E8C4E96A5}.Debug|Any CPU.Build.0 = Debug|Any CPU
		{C5C2D1A1-B539-4492-808F-D14E8C4E96A5}.Release|Any CPU.ActiveCfg = Release|Any CPU
		{C5C2D1A1-B539-4492-808F-D14E8C4E96A5}.Release|Any CPU.Build.0 = Release|Any CPU
		{28EBF29A-0224-44A9-BD11-52586A39BF42}.Debug|Any CPU.ActiveCfg = Debug
		{28EBF29A-0224-44A9-BD11-52586A39BF42}.Release|Any CPU.ActiveCfg = Release
	EndGlobalSection
	GlobalSection(SolutionProperties) = preSolution
		HideSolutionNode = FALSE
	EndGlobalSection
EndGlobal
